{
  "name": "@fern-platform/fern-dev-tests",
  "version": "0.0.0",
  "lockfileVersion": 3,
  "requires": true,
  "packages": {
    "": {
      "name": "@fern-platform/fern-dev-tests",
      "version": "0.0.0",
      "devDependencies": {
        "@fern-api/fern-api-dev": "4.1.1-2-g439338dc7a2",
        "@playwright/test": "^1.50.1",
        "dotenv": "^17.3.1",
        "pixelmatch": "^7.1.0",
        "pngjs": "^7.0.0",
        "typescript": "^5"
      }
    },
    "node_modules/@boundaryml/baml": {
      "version": "0.211.2",
      "resolved": "https://registry.npmjs.org/@boundaryml/baml/-/baml-0.211.2.tgz",
      "integrity": "sha512-5uQBeqM2IFkYM49N/kXVsK/1wy3Rr8oA+XIMJZ+b/2we2f7lR9rxSVrT1fggIdoz/2Bwbbg1FcMkdJBwMNnGbg==",
      "dev": true,
      "license": "MIT",
      "dependencies": {
        "@scarf/scarf": "^1.3.0"
      },
      "bin": {
        "baml": "cli.js",
        "baml-cli": "cli.js"
      },
      "engines": {
        "node": ">= 10"
      },
      "optionalDependencies": {
        "@boundaryml/baml-darwin-arm64": "0.211.2",
        "@boundaryml/baml-darwin-x64": "0.211.2",
        "@boundaryml/baml-linux-arm64-gnu": "0.211.2",
        "@boundaryml/baml-linux-arm64-musl": "0.211.2",
        "@boundaryml/baml-linux-x64-gnu": "0.211.2",
        "@boundaryml/baml-linux-x64-musl": "0.211.2",
        "@boundaryml/baml-win32-x64-msvc": "0.211.2"
      }
    },
    "node_modules/@boundaryml/baml-darwin-arm64": {
      "version": "0.211.2",
      "resolved": "https://registry.npmjs.org/@boundaryml/baml-darwin-arm64/-/baml-darwin-arm64-0.211.2.tgz",
      "integrity": "sha512-qsKhObXmCrMR1s0dvLPV57We2WAMPoSc4qOT635zayjMgYIwSoUpumbJ4h6DsojFN9VEbcjtR4HNRcbzdzHZEA==",
      "cpu": [
        "arm64"
      ],
      "dev": true,
      "license": "MIT",
      "optional": true,
      "os": [
        "darwin"
      ],
      "engines": {
        "node": ">= 10"
      }
    },
    "node_modules/@boundaryml/baml-darwin-x64": {
      "version": "0.211.2",
      "resolved": "https://registry.npmjs.org/@boundaryml/baml-darwin-x64/-/baml-darwin-x64-0.211.2.tgz",
      "integrity": "sha512-Bj+AIhMsvtZs8msfxKIiCaOleL0cx40aZXTLPJYfYMHTOuKLveqqIO7yQlZM8ZchJ6zh39DqN9YntTxju8zzWA==",
      "cpu": [
        "x64"
      ],
      "dev": true,
      "license": "MIT",
      "optional": true,
      "os": [
        "darwin"
      ],
      "engines": {
        "node": ">= 10"
      }
    },
    "node_modules/@boundaryml/baml-linux-arm64-gnu": {
      "version": "0.211.2",
      "resolved": "https://registry.npmjs.org/@boundaryml/baml-linux-arm64-gnu/-/baml-linux-arm64-gnu-0.211.2.tgz",
      "integrity": "sha512-pqr1VH4vncdEMcnbDTyVg7wu34f1lDwxXbuGBCw7xwaFS2InGM3qefdtyVpzPU98IO20znr4mCs1OHaMVOdiVw==",
      "cpu": [
        "arm64"
      ],
      "dev": true,
      "license": "MIT",
      "optional": true,
      "os": [
        "linux"
      ],
      "engines": {
        "node": ">= 10"
      }
    },
    "node_modules/@boundaryml/baml-linux-arm64-musl": {
      "version": "0.211.2",
      "resolved": "https://registry.npmjs.org/@boundaryml/baml-linux-arm64-musl/-/baml-linux-arm64-musl-0.211.2.tgz",
      "integrity": "sha512-nkTxst17qrGlZJmhZqsguT4yPRVOlQKbrq/b515Hn/vTqJTGuLmpSCB8Xc7gOqyIN7/ipwkNMISVlAlSU5yUIg==",
      "cpu": [
        "arm64"
      ],
      "dev": true,
      "license": "MIT",
      "optional": true,
      "os": [
        "linux"
      ],
      "engines": {
        "node": ">= 10"
      }
    },
    "node_modules/@boundaryml/baml-linux-x64-gnu": {
      "version": "0.211.2",
      "resolved": "https://registry.npmjs.org/@boundaryml/baml-linux-x64-gnu/-/baml-linux-x64-gnu-0.211.2.tgz",
      "integrity": "sha512-efnZlvst1vT0iF0WdzwRc6sjnfhvlkHhnBu2uS1x0rdH0ABhkgVi57uclRuWsjHz/OQ1WBC0sFp17GDmlaabHQ==",
      "cpu": [
        "x64"
      ],
      "dev": true,
      "license": "MIT",
      "optional": true,
      "os": [
        "linux"
      ],
      "engines": {
        "node": ">= 10"
      }
    },
    "node_modules/@boundaryml/baml-linux-x64-musl": {
      "version": "0.211.2",
      "resolved": "https://registry.npmjs.org/@boundaryml/baml-linux-x64-musl/-/baml-linux-x64-musl-0.211.2.tgz",
      "integrity": "sha512-2FZp5Z9vVCMoquniwSAmrH64bHo/JmBm//jzlvo9vfcZbK7ca9zGwx0S/CG2HWGNQA5X5tesloY4yTjwZiy2dg==",
      "cpu": [
        "x64"
      ],
      "dev": true,
      "license": "MIT",
      "optional": true,
      "os": [
        "linux"
      ],
      "engines": {
        "node": ">= 10"
      }
    },
    "node_modules/@boundaryml/baml-win32-x64-msvc": {
      "version": "0.211.2",
      "resolved": "https://registry.npmjs.org/@boundaryml/baml-win32-x64-msvc/-/baml-win32-x64-msvc-0.211.2.tgz",
      "integrity": "sha512-hWN03CKQMtUQYgsfMVl5VsFRaCl9FOWNtFRInZtm8N9a9KgV7aYoLXctaBkVgmuaz5RH46vVC1oht7YF1R0vWQ==",
      "cpu": [
        "x64"
      ],
      "dev": true,
      "license": "MIT",
      "optional": true,
      "os": [
        "win32"
      ],
      "engines": {
        "node": ">= 10"
      }
    },
    "node_modules/@fern-api/fern-api-dev": {
      "version": "4.1.1-2-g439338dc7a2",
      "resolved": "https://registry.npmjs.org/@fern-api/fern-api-dev/-/fern-api-dev-4.1.1-2-g439338dc7a2.tgz",
      "integrity": "sha512-HL6alXewX2ZbAhdIvUGNFKZM883hKY7oYWD5vhdqSVH4xaq7iA2UjQf+MdXKWLYuMhs8QiHMabtT946DbDGE3Q==",
      "dev": true,
      "dependencies": {
        "@boundaryml/baml": "^0.211.2"
      },
      "bin": {
        "fern-dev": "cli.cjs"
      }
    },
    "node_modules/@playwright/test": {
      "version": "1.58.2",
      "resolved": "https://registry.npmjs.org/@playwright/test/-/test-1.58.2.tgz",
      "integrity": "sha512-akea+6bHYBBfA9uQqSYmlJXn61cTa+jbO87xVLCWbTqbWadRVmhxlXATaOjOgcBaWU4ePo0wB41KMFv3o35IXA==",
      "dev": true,
      "license": "Apache-2.0",
      "dependencies": {
        "playwright": "1.58.2"
      },
      "bin": {
        "playwright": "cli.js"
      },
      "engines": {
        "node": ">=18"
      }
    },
    "node_modules/@scarf/scarf": {
      "version": "1.4.0",
      "resolved": "https://registry.npmjs.org/@scarf/scarf/-/scarf-1.4.0.tgz",
      "integrity": "sha512-xxeapPiUXdZAE3che6f3xogoJPeZgig6omHEy1rIY5WVsB3H2BHNnZH+gHG6x91SCWyQCzWGsuL2Hh3ClO5/qQ==",
      "dev": true,
      "hasInstallScript": true,
      "license": "Apache-2.0"
    },
    "node_modules/dotenv": {
      "version": "17.3.1",
      "resolved": "https://registry.npmjs.org/dotenv/-/dotenv-17.3.1.tgz",
      "integrity": "sha512-IO8C/dzEb6O3F9/twg6ZLXz164a2fhTnEWb95H23Dm4OuN+92NmEAlTrupP9VW6Jm3sO26tQlqyvyi4CsnY9GA==",
      "dev": true,
      "license": "BSD-2-Clause",
      "engines": {
        "node": ">=12"
      },
      "funding": {
        "url": "https://dotenvx.com"
      }
    },
    "node_modules/fsevents": {
      "version": "2.3.2",
      "resolved": "https://registry.npmjs.org/fsevents/-/fsevents-2.3.2.tgz",
      "integrity": "sha512-xiqMQR4xAeHTuB9uWm+fFRcIOgKBMiOBP+eXiyT7jsgVCq1bkVygt00oASowB7EdtpOHaaPgKt812P9ab+DDKA==",
      "dev": true,
      "hasInstallScript": true,
      "license": "MIT",
      "optional": true,
      "os": [
        "darwin"
      ],
      "engines": {
        "node": "^8.16.0 || ^10.6.0 || >=11.0.0"
      }
    },
    "node_modules/pixelmatch": {
      "version": "7.1.0",
      "resolved": "https://registry.npmjs.org/pixelmatch/-/pixelmatch-7.1.0.tgz",
      "integrity": "sha512-1wrVzJ2STrpmONHKBy228LM1b84msXDUoAzVEl0R8Mz4Ce6EPr+IVtxm8+yvrqLYMHswREkjYFaMxnyGnaY3Ng==",
      "dev": true,
      "license": "ISC",
      "dependencies": {
        "pngjs": "^7.0.0"
      },
      "bin": {
        "pixelmatch": "bin/pixelmatch"
      }
    },
    "node_modules/playwright": {
      "version": "1.58.2",
      "resolved": "https://registry.npmjs.org/playwright/-/playwright-1.58.2.tgz",
      "integrity": "sha512-vA30H8Nvkq/cPBnNw4Q8TWz1EJyqgpuinBcHET0YVJVFldr8JDNiU9LaWAE1KqSkRYazuaBhTpB5ZzShOezQ6A==",
      "dev": true,
      "license": "Apache-2.0",
      "dependencies": {
        "playwright-core": "1.58.2"
      },
      "bin": {
        "playwright": "cli.js"
      },
      "engines": {
        "node": ">=18"
      },
      "optionalDependencies": {
        "fsevents": "2.3.2"
      }
    },
    "node_modules/playwright-core": {
      "version": "1.58.2",
      "resolved": "https://registry.npmjs.org/playwright-core/-/playwright-core-1.58.2.tgz",
      "integrity": "sha512-yZkEtftgwS8CsfYo7nm0KE8jsvm6i/PTgVtB8DL726wNf6H2IMsDuxCpJj59KDaxCtSnrWan2AeDqM7JBaultg==",
      "dev": true,
      "license": "Apache-2.0",
      "bin": {
        "playwright-core": "cli.js"
      },
      "engines": {
        "node": ">=18"
      }
    },
    "node_modules/pngjs": {
      "version": "7.0.0",
      "resolved": "https://registry.npmjs.org/pngjs/-/pngjs-7.0.0.tgz",
      "integrity": "sha512-LKWqWJRhstyYo9pGvgor/ivk2w94eSjE3RGVuzLGlr3NmD8bf7RcYGze1mNdEHRP6TRP6rMuDHk5t44hnTRyow==",
      "dev": true,
      "license": "MIT",
      "engines": {
        "node": ">=14.19.0"
      }
    },
    "node_modules/typescript": {
      "version": "5.9.3",
      "resolved": "https://registry.npmjs.org/typescript/-/typescript-5.9.3.tgz",
      "integrity": "sha512-jl1vZzPDinLr9eUt3J/t7V6FgNEw9QjvBPdysz9KfQDD41fQrC2Y4vKQdiaUpFT4bXlb1RHhLpp8wtm6M5TgSw==",
      "dev": true,
      "license": "Apache-2.0",
      "bin": {
        "tsc": "bin/tsc",
        "tsserver": "bin/tsserver"
      },
      "engines": {
        "node": ">=14.17"
      }
    }
  }
}
